// !$*UTF8*$!
{
	archiveVersion = 1;
	classes = {
	};
	objectVersion = 50;
	objects = {

/* Begin PBXBuildFile section */
		4E0CCE752227B53200F57724 /* main.m in Sources */ = {isa = PBXBuildFile; fileRef = 4E0CCE742227B53200F57724 /* main.m */; };
		4E0CCE7C2227B8CC00F57724 /* BlockTester.m in Sources */ = {isa = PBXBuildFile; fileRef = 4E0CCE7B2227B8CC00F57724 /* BlockTester.m */; };
		4E3756E22220B0A500D20BB2 /* NSString+WaterMark.h in Sources */ = {isa = PBXBuildFile; fileRef = 4E37A03D2220A40B00E34D84 /* NSString+WaterMark.h */; };
		4E3756E32220B0A500D20BB2 /* NSString+WaterMark.m in Sources */ = {isa = PBXBuildFile; fileRef = 4E37A03E2220A40B00E34D84 /* NSString+WaterMark.m */; };
		4E37A03F2220A40B00E34D84 /* NSString+WaterMark.m in Sources */ = {isa = PBXBuildFile; fileRef = 4E37A03E2220A40B00E34D84 /* NSString+WaterMark.m */; };
		4E5525DF2218793B009FCE71 /* main.m in Sources */ = {isa = PBXBuildFile; fileRef = 4E5525DE2218793B009FCE71 /* main.m */; };
		4E5525F722187A29009FCE71 /* main.m in Sources */ = {isa = PBXBuildFile; fileRef = 4E5525F622187A29009FCE71 /* main.m */; };
		4E552603221883C0009FCE71 /* main.m in Sources */ = {isa = PBXBuildFile; fileRef = 4E552602221883C0009FCE71 /* main.m */; };
		4E55260E221BCB12009FCE71 /* main.m in Sources */ = {isa = PBXBuildFile; fileRef = 4E55260D221BCB12009FCE71 /* main.m */; };
		4E8728592224995F00B37794 /* main.m in Sources */ = {isa = PBXBuildFile; fileRef = 4E8728582224995F00B37794 /* main.m */; };
		4E8728602224A02A00B37794 /* Sweater.m in Sources */ = {isa = PBXBuildFile; fileRef = 4E87285F2224A02A00B37794 /* Sweater.m */; };
		4E8728632224B03700B37794 /* Person.m in Sources */ = {isa = PBXBuildFile; fileRef = 4E8728622224B03700B37794 /* Person.m */; };
		4E87286B2224B95800B37794 /* main.m in Sources */ = {isa = PBXBuildFile; fileRef = 4E87286A2224B95800B37794 /* main.m */; };
		4E8728722224BA8500B37794 /* Person.m in Sources */ = {isa = PBXBuildFile; fileRef = 4E8728712224BA8500B37794 /* Person.m */; };
		4E8728752224BA8D00B37794 /* Sweater.m in Sources */ = {isa = PBXBuildFile; fileRef = 4E8728742224BA8D00B37794 /* Sweater.m */; };
		4EF16A1B221DDE7100ECC087 /* main.m in Sources */ = {isa = PBXBuildFile; fileRef = 4EF16A1A221DDE7100ECC087 /* main.m */; };
		4EF16A20221DE16F00ECC087 /* Bitmasks.m in Sources */ = {isa = PBXBuildFile; fileRef = 4EF16A1F221DE16F00ECC087 /* Bitmasks.m */; };
		4EF16A29221DE6AA00ECC087 /* main.m in Sources */ = {isa = PBXBuildFile; fileRef = 4EF16A28221DE6AA00ECC087 /* main.m */; };
		4EF16A2F221DEF5800ECC087 /* DateCalculator.m in Sources */ = {isa = PBXBuildFile; fileRef = 4EF16A2E221DEF5800ECC087 /* DateCalculator.m */; };
		4EF16A37221E102900ECC087 /* main.m in Sources */ = {isa = PBXBuildFile; fileRef = 4EF16A36221E102900ECC087 /* main.m */; };
		4EF16A3F221F4CCB00ECC087 /* Boss.m in Sources */ = {isa = PBXBuildFile; fileRef = 4EF16A3E221F4CCB00ECC087 /* Boss.m */; };
		4EF16A42221F4D0700ECC087 /* Miranda.m in Sources */ = {isa = PBXBuildFile; fileRef = 4EF16A41221F4D0700ECC087 /* Miranda.m */; };
		4EF16A45221F4EB600ECC087 /* Jack.m in Sources */ = {isa = PBXBuildFile; fileRef = 4EF16A44221F4EB600ECC087 /* Jack.m */; };
		4EF16A4D221F6BEE00ECC087 /* main.m in Sources */ = {isa = PBXBuildFile; fileRef = 4EF16A4C221F6BEE00ECC087 /* main.m */; };
/* End PBXBuildFile section */

/* Begin PBXCopyFilesBuildPhase section */
		4E0CCE702227B53200F57724 /* CopyFiles */ = {
			isa = PBXCopyFilesBuildPhase;
			buildActionMask = 2147483647;
			dstPath = /usr/share/man/man1/;
			dstSubfolderSpec = 0;
			files = (
			);
			runOnlyForDeploymentPostprocessing = 1;
		};
		4E5525D92218793B009FCE71 /* CopyFiles */ = {
			isa = PBXCopyFilesBuildPhase;
			buildActionMask = 2147483647;
			dstPath = /usr/share/man/man1/;
			dstSubfolderSpec = 0;
			files = (
			);
			runOnlyForDeploymentPostprocessing = 1;
		};
		4E5525F222187A29009FCE71 /* CopyFiles */ = {
			isa = PBXCopyFilesBuildPhase;
			buildActionMask = 2147483647;
			dstPath = /usr/share/man/man1/;
			dstSubfolderSpec = 0;
			files = (
			);
			runOnlyForDeploymentPostprocessing = 1;
		};
		4E5525FE221883C0009FCE71 /* CopyFiles */ = {
			isa = PBXCopyFilesBuildPhase;
			buildActionMask = 2147483647;
			dstPath = /usr/share/man/man1/;
			dstSubfolderSpec = 0;
			files = (
			);
			runOnlyForDeploymentPostprocessing = 1;
		};
		4E552609221BCB12009FCE71 /* CopyFiles */ = {
			isa = PBXCopyFilesBuildPhase;
			buildActionMask = 2147483647;
			dstPath = /usr/share/man/man1/;
			dstSubfolderSpec = 0;
			files = (
			);
			runOnlyForDeploymentPostprocessing = 1;
		};
		4E8728542224995E00B37794 /* CopyFiles */ = {
			isa = PBXCopyFilesBuildPhase;
			buildActionMask = 2147483647;
			dstPath = /usr/share/man/man1/;
			dstSubfolderSpec = 0;
			files = (
			);
			runOnlyForDeploymentPostprocessing = 1;
		};
		4E8728662224B95800B37794 /* CopyFiles */ = {
			isa = PBXCopyFilesBuildPhase;
			buildActionMask = 2147483647;
			dstPath = /usr/share/man/man1/;
			dstSubfolderSpec = 0;
			files = (
			);
			runOnlyForDeploymentPostprocessing = 1;
		};
		4EF16A16221DDE7100ECC087 /* CopyFiles */ = {
			isa = PBXCopyFilesBuildPhase;
			buildActionMask = 2147483647;
			dstPath = /usr/share/man/man1/;
			dstSubfolderSpec = 0;
			files = (
			);
			runOnlyForDeploymentPostprocessing = 1;
		};
		4EF16A24221DE6AA00ECC087 /* CopyFiles */ = {
			isa = PBXCopyFilesBuildPhase;
			buildActionMask = 2147483647;
			dstPath = /usr/share/man/man1/;
			dstSubfolderSpec = 0;
			files = (
			);
			runOnlyForDeploymentPostprocessing = 1;
		};
		4EF16A32221E102900ECC087 /* CopyFiles */ = {
			isa = PBXCopyFilesBuildPhase;
			buildActionMask = 2147483647;
			dstPath = /usr/share/man/man1/;
			dstSubfolderSpec = 0;
			files = (
			);
			runOnlyForDeploymentPostprocessing = 1;
		};
		4EF16A48221F6BEE00ECC087 /* CopyFiles */ = {
			isa = PBXCopyFilesBuildPhase;
			buildActionMask = 2147483647;
			dstPath = /usr/share/man/man1/;
			dstSubfolderSpec = 0;
			files = (
			);
			runOnlyForDeploymentPostprocessing = 1;
		};
/* End PBXCopyFilesBuildPhase section */

/* Begin PBXFileReference section */
		4E0CCE722227B53200F57724 /* 10.Blocks */ = {isa = PBXFileReference; explicitFileType = "compiled.mach-o.executable"; includeInIndex = 0; path = 10.Blocks; sourceTree = BUILT_PRODUCTS_DIR; };
		4E0CCE742227B53200F57724 /* main.m */ = {isa = PBXFileReference; lastKnownFileType = sourcecode.c.objc; path = main.m; sourceTree = "<group>"; };
		4E0CCE792227B54500F57724 /* Blocks.md */ = {isa = PBXFileReference; lastKnownFileType = net.daringfireball.markdown; path = Blocks.md; sourceTree = "<group>"; };
		4E0CCE7A2227B8CC00F57724 /* BlockTester.h */ = {isa = PBXFileReference; lastKnownFileType = sourcecode.c.h; path = BlockTester.h; sourceTree = "<group>"; };
		4E0CCE7B2227B8CC00F57724 /* BlockTester.m */ = {isa = PBXFileReference; lastKnownFileType = sourcecode.c.objc; path = BlockTester.m; sourceTree = "<group>"; };
		4E3756E42220B5FB00D20BB2 /* README.md */ = {isa = PBXFileReference; lastKnownFileType = net.daringfireball.markdown; path = README.md; sourceTree = "<group>"; };
		4E37A03522207CA100E34D84 /* Float.md */ = {isa = PBXFileReference; lastKnownFileType = net.daringfireball.markdown; path = Float.md; sourceTree = "<group>"; };
		4E37A03622208CE200E34D84 /* Bool.md */ = {isa = PBXFileReference; lastKnownFileType = net.daringfireball.markdown; path = Bool.md; sourceTree = "<group>"; };
		4E37A0372220925600E34D84 /* Integer.md */ = {isa = PBXFileReference; lastKnownFileType = net.daringfireball.markdown; path = Integer.md; sourceTree = "<group>"; };
		4E37A0382220968B00E34D84 /* EnumBitmask.md */ = {isa = PBXFileReference; lastKnownFileType = net.daringfireball.markdown; path = EnumBitmask.md; sourceTree = "<group>"; };
		4E37A03D2220A40B00E34D84 /* NSString+WaterMark.h */ = {isa = PBXFileReference; lastKnownFileType = sourcecode.c.h; path = "NSString+WaterMark.h"; sourceTree = "<group>"; };
		4E37A03E2220A40B00E34D84 /* NSString+WaterMark.m */ = {isa = PBXFileReference; lastKnownFileType = sourcecode.c.objc; path = "NSString+WaterMark.m"; sourceTree = "<group>"; };
		4E5525DB2218793B009FCE71 /* ObjectiveC4D */ = {isa = PBXFileReference; explicitFileType = "compiled.mach-o.executable"; includeInIndex = 0; path = ObjectiveC4D; sourceTree = BUILT_PRODUCTS_DIR; };
		4E5525DE2218793B009FCE71 /* main.m */ = {isa = PBXFileReference; lastKnownFileType = sourcecode.c.objc; path = main.m; sourceTree = "<group>"; };
		4E5525F422187A29009FCE71 /* 1.DT-BOOL */ = {isa = PBXFileReference; explicitFileType = "compiled.mach-o.executable"; includeInIndex = 0; path = "1.DT-BOOL"; sourceTree = BUILT_PRODUCTS_DIR; };
		4E5525F622187A29009FCE71 /* main.m */ = {isa = PBXFileReference; lastKnownFileType = sourcecode.c.objc; path = main.m; sourceTree = "<group>"; };
		4E552600221883C0009FCE71 /* 2.DT-float */ = {isa = PBXFileReference; explicitFileType = "compiled.mach-o.executable"; includeInIndex = 0; path = "2.DT-float"; sourceTree = BUILT_PRODUCTS_DIR; };
		4E552602221883C0009FCE71 /* main.m */ = {isa = PBXFileReference; lastKnownFileType = sourcecode.c.objc; path = main.m; sourceTree = "<group>"; };
		4E55260B221BCB12009FCE71 /* 3.DT-int */ = {isa = PBXFileReference; explicitFileType = "compiled.mach-o.executable"; includeInIndex = 0; path = "3.DT-int"; sourceTree = BUILT_PRODUCTS_DIR; };
		4E55260D221BCB12009FCE71 /* main.m */ = {isa = PBXFileReference; lastKnownFileType = sourcecode.c.objc; path = main.m; sourceTree = "<group>"; };
		4E8728562224995E00B37794 /* 8.MemoryManagement(Manual) */ = {isa = PBXFileReference; explicitFileType = "compiled.mach-o.executable"; includeInIndex = 0; path = "8.MemoryManagement(Manual)"; sourceTree = BUILT_PRODUCTS_DIR; };
		4E8728582224995F00B37794 /* main.m */ = {isa = PBXFileReference; lastKnownFileType = sourcecode.c.objc; path = main.m; sourceTree = "<group>"; };
		4E87285D2224997700B37794 /* ManualMemoryManagement.md */ = {isa = PBXFileReference; lastKnownFileType = net.daringfireball.markdown; path = ManualMemoryManagement.md; sourceTree = "<group>"; };
		4E87285E2224A02A00B37794 /* Sweater.h */ = {isa = PBXFileReference; lastKnownFileType = sourcecode.c.h; path = Sweater.h; sourceTree = "<group>"; };
		4E87285F2224A02A00B37794 /* Sweater.m */ = {isa = PBXFileReference; lastKnownFileType = sourcecode.c.objc; path = Sweater.m; sourceTree = "<group>"; };
		4E8728612224B03700B37794 /* Person.h */ = {isa = PBXFileReference; lastKnownFileType = sourcecode.c.h; path = Person.h; sourceTree = "<group>"; };
		4E8728622224B03700B37794 /* Person.m */ = {isa = PBXFileReference; lastKnownFileType = sourcecode.c.objc; path = Person.m; sourceTree = "<group>"; };
		4E8728682224B95800B37794 /* 9.ARC */ = {isa = PBXFileReference; explicitFileType = "compiled.mach-o.executable"; includeInIndex = 0; path = 9.ARC; sourceTree = BUILT_PRODUCTS_DIR; };
		4E87286A2224B95800B37794 /* main.m */ = {isa = PBXFileReference; lastKnownFileType = sourcecode.c.objc; path = main.m; sourceTree = "<group>"; };
		4E87286F2224B96600B37794 /* ARC.md */ = {isa = PBXFileReference; lastKnownFileType = net.daringfireball.markdown; path = ARC.md; sourceTree = "<group>"; };
		4E8728702224BA8500B37794 /* Person.h */ = {isa = PBXFileReference; lastKnownFileType = sourcecode.c.h; path = Person.h; sourceTree = "<group>"; };
		4E8728712224BA8500B37794 /* Person.m */ = {isa = PBXFileReference; lastKnownFileType = sourcecode.c.objc; path = Person.m; sourceTree = "<group>"; };
		4E8728732224BA8D00B37794 /* Sweater.h */ = {isa = PBXFileReference; lastKnownFileType = sourcecode.c.h; path = Sweater.h; sourceTree = "<group>"; };
		4E8728742224BA8D00B37794 /* Sweater.m */ = {isa = PBXFileReference; lastKnownFileType = sourcecode.c.objc; path = Sweater.m; sourceTree = "<group>"; };
		4EF16A18221DDE7100ECC087 /* 4. Enum&Bitmasks */ = {isa = PBXFileReference; explicitFileType = "compiled.mach-o.executable"; includeInIndex = 0; path = "4. Enum&Bitmasks"; sourceTree = BUILT_PRODUCTS_DIR; };
		4EF16A1A221DDE7100ECC087 /* main.m */ = {isa = PBXFileReference; lastKnownFileType = sourcecode.c.objc; path = main.m; sourceTree = "<group>"; };
		4EF16A1F221DE16F00ECC087 /* Bitmasks.m */ = {isa = PBXFileReference; lastKnownFileType = sourcecode.c.objc; path = Bitmasks.m; sourceTree = "<group>"; };
		4EF16A21221DE17A00ECC087 /* Bitmasks.h */ = {isa = PBXFileReference; lastKnownFileType = sourcecode.c.h; path = Bitmasks.h; sourceTree = "<group>"; };
		4EF16A26221DE6AA00ECC087 /* 5. Classes */ = {isa = PBXFileReference; explicitFileType = "compiled.mach-o.executable"; includeInIndex = 0; path = "5. Classes"; sourceTree = BUILT_PRODUCTS_DIR; };
		4EF16A28221DE6AA00ECC087 /* main.m */ = {isa = PBXFileReference; lastKnownFileType = sourcecode.c.objc; path = main.m; sourceTree = "<group>"; };
		4EF16A2D221DEF5800ECC087 /* DateCalculator.h */ = {isa = PBXFileReference; lastKnownFileType = sourcecode.c.h; path = DateCalculator.h; sourceTree = "<group>"; };
		4EF16A2E221DEF5800ECC087 /* DateCalculator.m */ = {isa = PBXFileReference; lastKnownFileType = sourcecode.c.objc; path = DateCalculator.m; sourceTree = "<group>"; };
		4EF16A34221E102900ECC087 /* 6. Protocols&DelegatePattern */ = {isa = PBXFileReference; explicitFileType = "compiled.mach-o.executable"; includeInIndex = 0; path = "6. Protocols&DelegatePattern"; sourceTree = BUILT_PRODUCTS_DIR; };
		4EF16A36221E102900ECC087 /* main.m */ = {isa = PBXFileReference; lastKnownFileType = sourcecode.c.objc; path = main.m; sourceTree = "<group>"; };
		4EF16A3B221F47C800ECC087 /* Properties.md */ = {isa = PBXFileReference; lastKnownFileType = net.daringfireball.markdown; path = Properties.md; sourceTree = "<group>"; };
		4EF16A3C221F49CE00ECC087 /* Protocol_Delegate.md */ = {isa = PBXFileReference; lastKnownFileType = net.daringfireball.markdown; path = Protocol_Delegate.md; sourceTree = "<group>"; };
		4EF16A3D221F4CCB00ECC087 /* Boss.h */ = {isa = PBXFileReference; lastKnownFileType = sourcecode.c.h; path = Boss.h; sourceTree = "<group>"; };
		4EF16A3E221F4CCB00ECC087 /* Boss.m */ = {isa = PBXFileReference; lastKnownFileType = sourcecode.c.objc; path = Boss.m; sourceTree = "<group>"; };
		4EF16A40221F4D0700ECC087 /* Miranda.h */ = {isa = PBXFileReference; lastKnownFileType = sourcecode.c.h; path = Miranda.h; sourceTree = "<group>"; };
		4EF16A41221F4D0700ECC087 /* Miranda.m */ = {isa = PBXFileReference; lastKnownFileType = sourcecode.c.objc; path = Miranda.m; sourceTree = "<group>"; };
		4EF16A43221F4EB600ECC087 /* Jack.h */ = {isa = PBXFileReference; lastKnownFileType = sourcecode.c.h; path = Jack.h; sourceTree = "<group>"; };
		4EF16A44221F4EB600ECC087 /* Jack.m */ = {isa = PBXFileReference; lastKnownFileType = sourcecode.c.objc; path = Jack.m; sourceTree = "<group>"; };
		4EF16A4A221F6BEE00ECC087 /* 7. Categories */ = {isa = PBXFileReference; explicitFileType = "compiled.mach-o.executable"; includeInIndex = 0; path = "7. Categories"; sourceTree = BUILT_PRODUCTS_DIR; };
		4EF16A4C221F6BEE00ECC087 /* main.m */ = {isa = PBXFileReference; lastKnownFileType = sourcecode.c.objc; path = main.m; sourceTree = "<group>"; };
		4EF16A51221F6BFE00ECC087 /* Categories.md */ = {isa = PBXFileReference; lastKnownFileType = net.daringfireball.markdown; path = Categories.md; sourceTree = "<group>"; };
		4EF16A52221F780800ECC087 /* Runtime.md */ = {isa = PBXFileReference; lastKnownFileType = net.daringfireball.markdown; path = Runtime.md; sourceTree = "<group>"; };
/* End PBXFileReference section */

/* Begin PBXFrameworksBuildPhase section */
		4E0CCE6F2227B53200F57724 /* Frameworks */ = {
			isa = PBXFrameworksBuildPhase;
			buildActionMask = 2147483647;
			files = (
			);
			runOnlyForDeploymentPostprocessing = 0;
		};
		4E5525D82218793B009FCE71 /* Frameworks */ = {
			isa = PBXFrameworksBuildPhase;
			buildActionMask = 2147483647;
			files = (
			);
			runOnlyForDeploymentPostprocessing = 0;
		};
		4E5525F122187A29009FCE71 /* Frameworks */ = {
			isa = PBXFrameworksBuildPhase;
			buildActionMask = 2147483647;
			files = (
			);
			runOnlyForDeploymentPostprocessing = 0;
		};
		4E5525FD221883C0009FCE71 /* Frameworks */ = {
			isa = PBXFrameworksBuildPhase;
			buildActionMask = 2147483647;
			files = (
			);
			runOnlyForDeploymentPostprocessing = 0;
		};
		4E552608221BCB12009FCE71 /* Frameworks */ = {
			isa = PBXFrameworksBuildPhase;
			buildActionMask = 2147483647;
			files = (
			);
			runOnlyForDeploymentPostprocessing = 0;
		};
		4E8728532224995E00B37794 /* Frameworks */ = {
			isa = PBXFrameworksBuildPhase;
			buildActionMask = 2147483647;
			files = (
			);
			runOnlyForDeploymentPostprocessing = 0;
		};
		4E8728652224B95800B37794 /* Frameworks */ = {
			isa = PBXFrameworksBuildPhase;
			buildActionMask = 2147483647;
			files = (
			);
			runOnlyForDeploymentPostprocessing = 0;
		};
		4EF16A15221DDE7100ECC087 /* Frameworks */ = {
			isa = PBXFrameworksBuildPhase;
			buildActionMask = 2147483647;
			files = (
			);
			runOnlyForDeploymentPostprocessing = 0;
		};
		4EF16A23221DE6AA00ECC087 /* Frameworks */ = {
			isa = PBXFrameworksBuildPhase;
			buildActionMask = 2147483647;
			files = (
			);
			runOnlyForDeploymentPostprocessing = 0;
		};
		4EF16A31221E102900ECC087 /* Frameworks */ = {
			isa = PBXFrameworksBuildPhase;
			buildActionMask = 2147483647;
			files = (
			);
			runOnlyForDeploymentPostprocessing = 0;
		};
		4EF16A47221F6BEE00ECC087 /* Frameworks */ = {
			isa = PBXFrameworksBuildPhase;
			buildActionMask = 2147483647;
			files = (
			);
			runOnlyForDeploymentPostprocessing = 0;
		};
/* End PBXFrameworksBuildPhase section */

/* Begin PBXGroup section */
		4E0CCE732227B53200F57724 /* 10.Blocks */ = {
			isa = PBXGroup;
			children = (
				4E0CCE742227B53200F57724 /* main.m */,
				4E0CCE792227B54500F57724 /* Blocks.md */,
				4E0CCE7A2227B8CC00F57724 /* BlockTester.h */,
				4E0CCE7B2227B8CC00F57724 /* BlockTester.m */,
			);
			path = 10.Blocks;
			sourceTree = "<group>";
		};
		4E5525D22218793B009FCE71 = {
			isa = PBXGroup;
			children = (
				4E3756E42220B5FB00D20BB2 /* README.md */,
				4E5525DD2218793B009FCE71 /* ObjectiveC4D */,
				4E5525F522187A29009FCE71 /* 1.DT-BOOL */,
				4E552601221883C0009FCE71 /* 2.DT-float */,
				4E55260C221BCB12009FCE71 /* 3.DT-int */,
				4EF16A19221DDE7100ECC087 /* 4.Enum&Bitmasks */,
				4EF16A27221DE6AA00ECC087 /* 5.Classes */,
				4EF16A35221E102900ECC087 /* 6.Protocols&DelegatePattern */,
				4EF16A4B221F6BEE00ECC087 /* 7.Categories */,
				4E8728572224995E00B37794 /* 8.MemoryManagement(Manual) */,
				4E8728692224B95800B37794 /* 9.ARC */,
				4E0CCE732227B53200F57724 /* 10.Blocks */,
				4E5525DC2218793B009FCE71 /* Products */,
			);
			sourceTree = "<group>";
		};
		4E5525DC2218793B009FCE71 /* Products */ = {
			isa = PBXGroup;
			children = (
				4E5525DB2218793B009FCE71 /* ObjectiveC4D */,
				4E5525F422187A29009FCE71 /* 1.DT-BOOL */,
				4E552600221883C0009FCE71 /* 2.DT-float */,
				4E55260B221BCB12009FCE71 /* 3.DT-int */,
				4EF16A18221DDE7100ECC087 /* 4. Enum&Bitmasks */,
				4EF16A26221DE6AA00ECC087 /* 5. Classes */,
				4EF16A34221E102900ECC087 /* 6. Protocols&DelegatePattern */,
				4EF16A4A221F6BEE00ECC087 /* 7. Categories */,
				4E8728562224995E00B37794 /* 8.MemoryManagement(Manual) */,
				4E8728682224B95800B37794 /* 9.ARC */,
				4E0CCE722227B53200F57724 /* 10.Blocks */,
			);
			name = Products;
			sourceTree = "<group>";
		};
		4E5525DD2218793B009FCE71 /* ObjectiveC4D */ = {
			isa = PBXGroup;
			children = (
				4E5525DE2218793B009FCE71 /* main.m */,
				4EF16A52221F780800ECC087 /* Runtime.md */,
			);
			path = ObjectiveC4D;
			sourceTree = "<group>";
		};
		4E5525F522187A29009FCE71 /* 1.DT-BOOL */ = {
			isa = PBXGroup;
			children = (
				4E5525F622187A29009FCE71 /* main.m */,
				4E37A03622208CE200E34D84 /* Bool.md */,
			);
			path = "1.DT-BOOL";
			sourceTree = "<group>";
		};
		4E552601221883C0009FCE71 /* 2.DT-float */ = {
			isa = PBXGroup;
			children = (
				4E552602221883C0009FCE71 /* main.m */,
				4E37A03522207CA100E34D84 /* Float.md */,
			);
			path = "2.DT-float";
			sourceTree = "<group>";
		};
		4E55260C221BCB12009FCE71 /* 3.DT-int */ = {
			isa = PBXGroup;
			children = (
				4E55260D221BCB12009FCE71 /* main.m */,
				4E37A0372220925600E34D84 /* Integer.md */,
			);
			path = "3.DT-int";
			sourceTree = "<group>";
		};
		4E8728572224995E00B37794 /* 8.MemoryManagement(Manual) */ = {
			isa = PBXGroup;
			children = (
				4E8728582224995F00B37794 /* main.m */,
				4E87285D2224997700B37794 /* ManualMemoryManagement.md */,
				4E87285E2224A02A00B37794 /* Sweater.h */,
				4E87285F2224A02A00B37794 /* Sweater.m */,
				4E8728612224B03700B37794 /* Person.h */,
				4E8728622224B03700B37794 /* Person.m */,
			);
			path = "8.MemoryManagement(Manual)";
			sourceTree = "<group>";
		};
		4E8728692224B95800B37794 /* 9.ARC */ = {
			isa = PBXGroup;
			children = (
				4E87286A2224B95800B37794 /* main.m */,
				4E87286F2224B96600B37794 /* ARC.md */,
				4E8728702224BA8500B37794 /* Person.h */,
				4E8728712224BA8500B37794 /* Person.m */,
				4E8728732224BA8D00B37794 /* Sweater.h */,
				4E8728742224BA8D00B37794 /* Sweater.m */,
			);
			path = 9.ARC;
			sourceTree = "<group>";
		};
		4EF16A19221DDE7100ECC087 /* 4.Enum&Bitmasks */ = {
			isa = PBXGroup;
			children = (
				4EF16A1A221DDE7100ECC087 /* main.m */,
				4EF16A1F221DE16F00ECC087 /* Bitmasks.m */,
				4EF16A21221DE17A00ECC087 /* Bitmasks.h */,
				4E37A0382220968B00E34D84 /* EnumBitmask.md */,
			);
			path = "4.Enum&Bitmasks";
			sourceTree = "<group>";
		};
		4EF16A27221DE6AA00ECC087 /* 5.Classes */ = {
			isa = PBXGroup;
			children = (
				4EF16A28221DE6AA00ECC087 /* main.m */,
				4EF16A2D221DEF5800ECC087 /* DateCalculator.h */,
				4EF16A2E221DEF5800ECC087 /* DateCalculator.m */,
				4EF16A3B221F47C800ECC087 /* Properties.md */,
			);
			path = 5.Classes;
			sourceTree = "<group>";
		};
		4EF16A35221E102900ECC087 /* 6.Protocols&DelegatePattern */ = {
			isa = PBXGroup;
			children = (
				4EF16A36221E102900ECC087 /* main.m */,
				4EF16A3C221F49CE00ECC087 /* Protocol_Delegate.md */,
				4EF16A3D221F4CCB00ECC087 /* Boss.h */,
				4EF16A3E221F4CCB00ECC087 /* Boss.m */,
				4EF16A40221F4D0700ECC087 /* Miranda.h */,
				4EF16A41221F4D0700ECC087 /* Miranda.m */,
				4EF16A43221F4EB600ECC087 /* Jack.h */,
				4EF16A44221F4EB600ECC087 /* Jack.m */,
			);
			path = "6.Protocols&DelegatePattern";
			sourceTree = "<group>";
		};
		4EF16A4B221F6BEE00ECC087 /* 7.Categories */ = {
			isa = PBXGroup;
			children = (
				4EF16A4C221F6BEE00ECC087 /* main.m */,
				4EF16A51221F6BFE00ECC087 /* Categories.md */,
				4E37A03D2220A40B00E34D84 /* NSString+WaterMark.h */,
				4E37A03E2220A40B00E34D84 /* NSString+WaterMark.m */,
			);
			path = 7.Categories;
			sourceTree = "<group>";
		};
/* End PBXGroup section */

/* Begin PBXNativeTarget section */
		4E0CCE712227B53200F57724 /* 10.Blocks */ = {
			isa = PBXNativeTarget;
			buildConfigurationList = 4E0CCE782227B53200F57724 /* Build configuration list for PBXNativeTarget "10.Blocks" */;
			buildPhases = (
				4E0CCE6E2227B53200F57724 /* Sources */,
				4E0CCE6F2227B53200F57724 /* Frameworks */,
				4E0CCE702227B53200F57724 /* CopyFiles */,
			);
			buildRules = (
			);
			dependencies = (
			);
			name = 10.Blocks;
			productName = 10.Blocks;
			productReference = 4E0CCE722227B53200F57724 /* 10.Blocks */;
			productType = "com.apple.product-type.tool";
		};
		4E5525DA2218793B009FCE71 /* ObjectiveC4D */ = {
			isa = PBXNativeTarget;
			buildConfigurationList = 4E5525E22218793B009FCE71 /* Build configuration list for PBXNativeTarget "ObjectiveC4D" */;
			buildPhases = (
				4E5525D72218793B009FCE71 /* Sources */,
				4E5525D82218793B009FCE71 /* Frameworks */,
				4E5525D92218793B009FCE71 /* CopyFiles */,
			);
			buildRules = (
			);
			dependencies = (
			);
			name = ObjectiveC4D;
			productName = ObjectiveC4D;
			productReference = 4E5525DB2218793B009FCE71 /* ObjectiveC4D */;
			productType = "com.apple.product-type.tool";
		};
		4E5525F322187A29009FCE71 /* 1.DT-BOOL */ = {
			isa = PBXNativeTarget;
			buildConfigurationList = 4E5525F822187A29009FCE71 /* Build configuration list for PBXNativeTarget "1.DT-BOOL" */;
			buildPhases = (
				4E5525F022187A29009FCE71 /* Sources */,
				4E5525F122187A29009FCE71 /* Frameworks */,
				4E5525F222187A29009FCE71 /* CopyFiles */,
			);
			buildRules = (
			);
			dependencies = (
			);
			name = "1.DT-BOOL";
			productName = "1.DT-BOOL";
			productReference = 4E5525F422187A29009FCE71 /* 1.DT-BOOL */;
			productType = "com.apple.product-type.tool";
		};
		4E5525FF221883C0009FCE71 /* 2.DT-float */ = {
			isa = PBXNativeTarget;
			buildConfigurationList = 4E552604221883C0009FCE71 /* Build configuration list for PBXNativeTarget "2.DT-float" */;
			buildPhases = (
				4E5525FC221883C0009FCE71 /* Sources */,
				4E5525FD221883C0009FCE71 /* Frameworks */,
				4E5525FE221883C0009FCE71 /* CopyFiles */,
			);
			buildRules = (
			);
			dependencies = (
			);
			name = "2.DT-float";
			productName = "2.DT-float";
			productReference = 4E552600221883C0009FCE71 /* 2.DT-float */;
			productType = "com.apple.product-type.tool";
		};
		4E55260A221BCB12009FCE71 /* 3.DT-int */ = {
			isa = PBXNativeTarget;
			buildConfigurationList = 4E55260F221BCB12009FCE71 /* Build configuration list for PBXNativeTarget "3.DT-int" */;
			buildPhases = (
				4E552607221BCB12009FCE71 /* Sources */,
				4E552608221BCB12009FCE71 /* Frameworks */,
				4E552609221BCB12009FCE71 /* CopyFiles */,
			);
			buildRules = (
			);
			dependencies = (
			);
			name = "3.DT-int";
			productName = "3.DT-int";
			productReference = 4E55260B221BCB12009FCE71 /* 3.DT-int */;
			productType = "com.apple.product-type.tool";
		};
		4E8728552224995E00B37794 /* 8.MemoryManagement(Manual) */ = {
			isa = PBXNativeTarget;
			buildConfigurationList = 4E87285C2224995F00B37794 /* Build configuration list for PBXNativeTarget "8.MemoryManagement(Manual)" */;
			buildPhases = (
				4E8728522224995E00B37794 /* Sources */,
				4E8728532224995E00B37794 /* Frameworks */,
				4E8728542224995E00B37794 /* CopyFiles */,
			);
			buildRules = (
			);
			dependencies = (
			);
			name = "8.MemoryManagement(Manual)";
			productName = "8.MemoryManagement(Manual)";
			productReference = 4E8728562224995E00B37794 /* 8.MemoryManagement(Manual) */;
			productType = "com.apple.product-type.tool";
		};
		4E8728672224B95800B37794 /* 9.ARC */ = {
			isa = PBXNativeTarget;
			buildConfigurationList = 4E87286C2224B95800B37794 /* Build configuration list for PBXNativeTarget "9.ARC" */;
			buildPhases = (
				4E8728642224B95800B37794 /* Sources */,
				4E8728652224B95800B37794 /* Frameworks */,
				4E8728662224B95800B37794 /* CopyFiles */,
			);
			buildRules = (
			);
			dependencies = (
			);
			name = 9.ARC;
			productName = 9.ARC;
			productReference = 4E8728682224B95800B37794 /* 9.ARC */;
			productType = "com.apple.product-type.tool";
		};
		4EF16A17221DDE7100ECC087 /* 4. Enum&Bitmasks */ = {
			isa = PBXNativeTarget;
			buildConfigurationList = 4EF16A1E221DDE7100ECC087 /* Build configuration list for PBXNativeTarget "4. Enum&Bitmasks" */;
			buildPhases = (
				4EF16A14221DDE7100ECC087 /* Sources */,
				4EF16A15221DDE7100ECC087 /* Frameworks */,
				4EF16A16221DDE7100ECC087 /* CopyFiles */,
			);
			buildRules = (
			);
			dependencies = (
			);
			name = "4. Enum&Bitmasks";
			productName = "4. Enum&Bitmasks";
			productReference = 4EF16A18221DDE7100ECC087 /* 4. Enum&Bitmasks */;
			productType = "com.apple.product-type.tool";
		};
		4EF16A25221DE6AA00ECC087 /* 5. Classes */ = {
			isa = PBXNativeTarget;
			buildConfigurationList = 4EF16A2A221DE6AA00ECC087 /* Build configuration list for PBXNativeTarget "5. Classes" */;
			buildPhases = (
				4EF16A22221DE6AA00ECC087 /* Sources */,
				4EF16A23221DE6AA00ECC087 /* Frameworks */,
				4EF16A24221DE6AA00ECC087 /* CopyFiles */,
			);
			buildRules = (
			);
			dependencies = (
			);
			name = "5. Classes";
			productName = "5. Classes";
			productReference = 4EF16A26221DE6AA00ECC087 /* 5. Classes */;
			productType = "com.apple.product-type.tool";
		};
		4EF16A33221E102900ECC087 /* 6. Protocols&DelegatePattern */ = {
			isa = PBXNativeTarget;
			buildConfigurationList = 4EF16A3A221E102900ECC087 /* Build configuration list for PBXNativeTarget "6. Protocols&DelegatePattern" */;
			buildPhases = (
				4EF16A30221E102900ECC087 /* Sources */,
				4EF16A31221E102900ECC087 /* Frameworks */,
				4EF16A32221E102900ECC087 /* CopyFiles */,
			);
			buildRules = (
			);
			dependencies = (
			);
			name = "6. Protocols&DelegatePattern";
			productName = "6. Protocols&DelegatePattern";
			productReference = 4EF16A34221E102900ECC087 /* 6. Protocols&DelegatePattern */;
			productType = "com.apple.product-type.tool";
		};
		4EF16A49221F6BEE00ECC087 /* 7. Categories */ = {
			isa = PBXNativeTarget;
			buildConfigurationList = 4EF16A50221F6BEE00ECC087 /* Build configuration list for PBXNativeTarget "7. Categories" */;
			buildPhases = (
				4EF16A46221F6BEE00ECC087 /* Sources */,
				4EF16A47221F6BEE00ECC087 /* Frameworks */,
				4EF16A48221F6BEE00ECC087 /* CopyFiles */,
			);
			buildRules = (
			);
			dependencies = (
			);
			name = "7. Categories";
			productName = "7. Categories";
			productReference = 4EF16A4A221F6BEE00ECC087 /* 7. Categories */;
			productType = "com.apple.product-type.tool";
		};
/* End PBXNativeTarget section */

/* Begin PBXProject section */
		4E5525D32218793B009FCE71 /* Project object */ = {
			isa = PBXProject;
			attributes = {
				LastUpgradeCheck = 1010;
				ORGANIZATIONNAME = "Derrick Park";
				TargetAttributes = {
					4E0CCE712227B53200F57724 = {
						CreatedOnToolsVersion = 10.1;
					};
					4E5525DA2218793B009FCE71 = {
						CreatedOnToolsVersion = 10.1;
					};
					4E5525F322187A29009FCE71 = {
						CreatedOnToolsVersion = 10.1;
					};
					4E5525FF221883C0009FCE71 = {
						CreatedOnToolsVersion = 10.1;
					};
					4E55260A221BCB12009FCE71 = {
						CreatedOnToolsVersion = 10.1;
					};
					4E8728552224995E00B37794 = {
						CreatedOnToolsVersion = 10.1;
					};
					4E8728672224B95800B37794 = {
						CreatedOnToolsVersion = 10.1;
					};
					4EF16A17221DDE7100ECC087 = {
						CreatedOnToolsVersion = 10.1;
					};
					4EF16A25221DE6AA00ECC087 = {
						CreatedOnToolsVersion = 10.1;
					};
					4EF16A33221E102900ECC087 = {
						CreatedOnToolsVersion = 10.1;
					};
					4EF16A49221F6BEE00ECC087 = {
						CreatedOnToolsVersion = 10.1;
					};
				};
			};
			buildConfigurationList = 4E5525D62218793B009FCE71 /* Build configuration list for PBXProject "ObjectiveC4D" */;
			compatibilityVersion = "Xcode 9.3";
			developmentRegion = en;
			hasScannedForEncodings = 0;
			knownRegions = (
				en,
			);
			mainGroup = 4E5525D22218793B009FCE71;
			productRefGroup = 4E5525DC2218793B009FCE71 /* Products */;
			projectDirPath = "";
			projectRoot = "";
			targets = (
				4E5525DA2218793B009FCE71 /* ObjectiveC4D */,
				4E5525F322187A29009FCE71 /* 1.DT-BOOL */,
				4E5525FF221883C0009FCE71 /* 2.DT-float */,
				4E55260A221BCB12009FCE71 /* 3.DT-int */,
				4EF16A17221DDE7100ECC087 /* 4. Enum&Bitmasks */,
				4EF16A25221DE6AA00ECC087 /* 5. Classes */,
				4EF16A33221E102900ECC087 /* 6. Protocols&DelegatePattern */,
				4EF16A49221F6BEE00ECC087 /* 7. Categories */,
				4E8728552224995E00B37794 /* 8.MemoryManagement(Manual) */,
				4E8728672224B95800B37794 /* 9.ARC */,
				4E0CCE712227B53200F57724 /* 10.Blocks */,
			);
		};
/* End PBXProject section */

/* Begin PBXSourcesBuildPhase section */
		4E0CCE6E2227B53200F57724 /* Sources */ = {
			isa = PBXSourcesBuildPhase;
			buildActionMask = 2147483647;
			files = (
				4E0CCE7C2227B8CC00F57724 /* BlockTester.m in Sources */,
				4E0CCE752227B53200F57724 /* main.m in Sources */,
			);
			runOnlyForDeploymentPostprocessing = 0;
		};
		4E5525D72218793B009FCE71 /* Sources */ = {
			isa = PBXSourcesBuildPhase;
			buildActionMask = 2147483647;
			files = (
				4E5525DF2218793B009FCE71 /* main.m in Sources */,
				4E37A03F2220A40B00E34D84 /* NSString+WaterMark.m in Sources */,
			);
			runOnlyForDeploymentPostprocessing = 0;
		};
		4E5525F022187A29009FCE71 /* Sources */ = {
			isa = PBXSourcesBuildPhase;
			buildActionMask = 2147483647;
			files = (
				4E5525F722187A29009FCE71 /* main.m in Sources */,
			);
			runOnlyForDeploymentPostprocessing = 0;
		};
		4E5525FC221883C0009FCE71 /* Sources */ = {
			isa = PBXSourcesBuildPhase;
			buildActionMask = 2147483647;
			files = (
				4E552603221883C0009FCE71 /* main.m in Sources */,
			);
			runOnlyForDeploymentPostprocessing = 0;
		};
		4E552607221BCB12009FCE71 /* Sources */ = {
			isa = PBXSourcesBuildPhase;
			buildActionMask = 2147483647;
			files = (
				4E55260E221BCB12009FCE71 /* main.m in Sources */,
			);
			runOnlyForDeploymentPostprocessing = 0;
		};
		4E8728522224995E00B37794 /* Sources */ = {
			isa = PBXSourcesBuildPhase;
			buildActionMask = 2147483647;
			files = (
				4E8728632224B03700B37794 /* Person.m in Sources */,
				4E8728592224995F00B37794 /* main.m in Sources */,
				4E8728602224A02A00B37794 /* Sweater.m in Sources */,
			);
			runOnlyForDeploymentPostprocessing = 0;
		};
		4E8728642224B95800B37794 /* Sources */ = {
			isa = PBXSourcesBuildPhase;
			buildActionMask = 2147483647;
			files = (
				4E8728722224BA8500B37794 /* Person.m in Sources */,
				4E87286B2224B95800B37794 /* main.m in Sources */,
				4E8728752224BA8D00B37794 /* Sweater.m in Sources */,
			);
			runOnlyForDeploymentPostprocessing = 0;
		};
		4EF16A14221DDE7100ECC087 /* Sources */ = {
			isa = PBXSourcesBuildPhase;
			buildActionMask = 2147483647;
			files = (
				4EF16A1B221DDE7100ECC087 /* main.m in Sources */,
				4EF16A20221DE16F00ECC087 /* Bitmasks.m in Sources */,
			);
			runOnlyForDeploymentPostprocessing = 0;
		};
		4EF16A22221DE6AA00ECC087 /* Sources */ = {
			isa = PBXSourcesBuildPhase;
			buildActionMask = 2147483647;
			files = (
				4EF16A29221DE6AA00ECC087 /* main.m in Sources */,
				4EF16A2F221DEF5800ECC087 /* DateCalculator.m in Sources */,
			);
			runOnlyForDeploymentPostprocessing = 0;
		};
		4EF16A30221E102900ECC087 /* Sources */ = {
			isa = PBXSourcesBuildPhase;
			buildActionMask = 2147483647;
			files = (
				4EF16A42221F4D0700ECC087 /* Miranda.m in Sources */,
				4EF16A3F221F4CCB00ECC087 /* Boss.m in Sources */,
				4EF16A45221F4EB600ECC087 /* Jack.m in Sources */,
				4EF16A37221E102900ECC087 /* main.m in Sources */,
			);
			runOnlyForDeploymentPostprocessing = 0;
		};
		4EF16A46221F6BEE00ECC087 /* Sources */ = {
			isa = PBXSourcesBuildPhase;
			buildActionMask = 2147483647;
			files = (
				4E3756E22220B0A500D20BB2 /* NSString+WaterMark.h in Sources */,
				4E3756E32220B0A500D20BB2 /* NSString+WaterMark.m in Sources */,
				4EF16A4D221F6BEE00ECC087 /* main.m in Sources */,
			);
			runOnlyForDeploymentPostprocessing = 0;
		};
/* End PBXSourcesBuildPhase section */

/* Begin XCBuildConfiguration section */
		4E0CCE762227B53200F57724 /* Debug */ = {
			isa = XCBuildConfiguration;
			buildSettings = {
				CODE_SIGN_STYLE = Automatic;
				DEVELOPMENT_TEAM = 25222AKG24;
				PRODUCT_NAME = "$(TARGET_NAME)";
			};
			name = Debug;
		};
		4E0CCE772227B53200F57724 /* Release */ = {
			isa = XCBuildConfiguration;
			buildSettings = {
				CODE_SIGN_STYLE = Automatic;
				DEVELOPMENT_TEAM = 25222AKG24;
				PRODUCT_NAME = "$(TARGET_NAME)";
			};
			name = Release;
		};
		4E5525E02218793B009FCE71 /* Debug */ = {
			isa = XCBuildConfiguration;
			buildSettings = {
				ALWAYS_SEARCH_USER_PATHS = NO;
				CLANG_ANALYZER_NONNULL = YES;
				CLANG_ANALYZER_NUMBER_OBJECT_CONVERSION = YES_AGGRESSIVE;
				CLANG_CXX_LANGUAGE_STANDARD = "gnu++14";
				CLANG_CXX_LIBRARY = "libc++";
				CLANG_ENABLE_MODULES = YES;
				CLANG_ENABLE_OBJC_ARC = YES;
				CLANG_ENABLE_OBJC_WEAK = YES;
				CLANG_WARN_BLOCK_CAPTURE_AUTORELEASING = YES;
				CLANG_WARN_BOOL_CONVERSION = YES;
				CLANG_WARN_COMMA = YES;
				CLANG_WARN_CONSTANT_CONVERSION = YES;
				CLANG_WARN_DEPRECATED_OBJC_IMPLEMENTATIONS = YES;
				CLANG_WARN_DIRECT_OBJC_ISA_USAGE = YES_ERROR;
				CLANG_WARN_DOCUMENTATION_COMMENTS = YES;
				CLANG_WARN_EMPTY_BODY = YES;
				CLANG_WARN_ENUM_CONVERSION = YES;
				CLANG_WARN_INFINITE_RECURSION = YES;
				CLANG_WARN_INT_CONVERSION = YES;
				CLANG_WARN_NON_LITERAL_NULL_CONVERSION = YES;
				CLANG_WARN_OBJC_IMPLICIT_RETAIN_SELF = YES;
				CLANG_WARN_OBJC_LITERAL_CONVERSION = YES;
				CLANG_WARN_OBJC_ROOT_CLASS = YES_ERROR;
				CLANG_WARN_RANGE_LOOP_ANALYSIS = YES;
				CLANG_WARN_STRICT_PROTOTYPES = YES;
				CLANG_WARN_SUSPICIOUS_MOVE = YES;
				CLANG_WARN_UNGUARDED_AVAILABILITY = YES_AGGRESSIVE;
				CLANG_WARN_UNREACHABLE_CODE = YES;
				CLANG_WARN__DUPLICATE_METHOD_MATCH = YES;
				CODE_SIGN_IDENTITY = "Mac Developer";
				COPY_PHASE_STRIP = NO;
				DEBUG_INFORMATION_FORMAT = dwarf;
				ENABLE_STRICT_OBJC_MSGSEND = YES;
				ENABLE_TESTABILITY = YES;
				GCC_C_LANGUAGE_STANDARD = gnu11;
				GCC_DYNAMIC_NO_PIC = NO;
				GCC_NO_COMMON_BLOCKS = YES;
				GCC_OPTIMIZATION_LEVEL = 0;
				GCC_PREPROCESSOR_DEFINITIONS = (
					"DEBUG=1",
					"$(inherited)",
				);
				GCC_WARN_64_TO_32_BIT_CONVERSION = YES;
				GCC_WARN_ABOUT_RETURN_TYPE = YES_ERROR;
				GCC_WARN_UNDECLARED_SELECTOR = YES;
				GCC_WARN_UNINITIALIZED_AUTOS = YES_AGGRESSIVE;
				GCC_WARN_UNUSED_FUNCTION = YES;
				GCC_WARN_UNUSED_VARIABLE = YES;
				MACOSX_DEPLOYMENT_TARGET = 10.14;
				MTL_ENABLE_DEBUG_INFO = INCLUDE_SOURCE;
				MTL_FAST_MATH = YES;
				ONLY_ACTIVE_ARCH = YES;
				SDKROOT = macosx;
			};
			name = Debug;
		};
		4E5525E12218793B009FCE71 /* Release */ = {
			isa = XCBuildConfiguration;
			buildSettings = {
				ALWAYS_SEARCH_USER_PATHS = NO;
				CLANG_ANALYZER_NONNULL = YES;
				CLANG_ANALYZER_NUMBER_OBJECT_CONVERSION = YES_AGGRESSIVE;
				CLANG_CXX_LANGUAGE_STANDARD = "gnu++14";
				CLANG_CXX_LIBRARY = "libc++";
				CLANG_ENABLE_MODULES = YES;
				CLANG_ENABLE_OBJC_ARC = YES;
				CLANG_ENABLE_OBJC_WEAK = YES;
				CLANG_WARN_BLOCK_CAPTURE_AUTORELEASING = YES;
				CLANG_WARN_BOOL_CONVERSION = YES;
				CLANG_WARN_COMMA = YES;
				CLANG_WARN_CONSTANT_CONVERSION = YES;
				CLANG_WARN_DEPRECATED_OBJC_IMPLEMENTATIONS = YES;
				CLANG_WARN_DIRECT_OBJC_ISA_USAGE = YES_ERROR;
				CLANG_WARN_DOCUMENTATION_COMMENTS = YES;
				CLANG_WARN_EMPTY_BODY = YES;
				CLANG_WARN_ENUM_CONVERSION = YES;
				CLANG_WARN_INFINITE_RECURSION = YES;
				CLANG_WARN_INT_CONVERSION = YES;
				CLANG_WARN_NON_LITERAL_NULL_CONVERSION = YES;
				CLANG_WARN_OBJC_IMPLICIT_RETAIN_SELF = YES;
				CLANG_WARN_OBJC_LITERAL_CONVERSION = YES;
				CLANG_WARN_OBJC_ROOT_CLASS = YES_ERROR;
				CLANG_WARN_RANGE_LOOP_ANALYSIS = YES;
				CLANG_WARN_STRICT_PROTOTYPES = YES;
				CLANG_WARN_SUSPICIOUS_MOVE = YES;
				CLANG_WARN_UNGUARDED_AVAILABILITY = YES_AGGRESSIVE;
				CLANG_WARN_UNREACHABLE_CODE = YES;
				CLANG_WARN__DUPLICATE_METHOD_MATCH = YES;
				CODE_SIGN_IDENTITY = "Mac Developer";
				COPY_PHASE_STRIP = NO;
				DEBUG_INFORMATION_FORMAT = "dwarf-with-dsym";
				ENABLE_NS_ASSERTIONS = NO;
				ENABLE_STRICT_OBJC_MSGSEND = YES;
				GCC_C_LANGUAGE_STANDARD = gnu11;
				GCC_NO_COMMON_BLOCKS = YES;
				GCC_WARN_64_TO_32_BIT_CONVERSION = YES;
				GCC_WARN_ABOUT_RETURN_TYPE = YES_ERROR;
				GCC_WARN_UNDECLARED_SELECTOR = YES;
				GCC_WARN_UNINITIALIZED_AUTOS = YES_AGGRESSIVE;
				GCC_WARN_UNUSED_FUNCTION = YES;
				GCC_WARN_UNUSED_VARIABLE = YES;
				MACOSX_DEPLOYMENT_TARGET = 10.14;
				MTL_ENABLE_DEBUG_INFO = NO;
				MTL_FAST_MATH = YES;
				SDKROOT = macosx;
			};
			name = Release;
		};
		4E5525E32218793B009FCE71 /* Debug */ = {
			isa = XCBuildConfiguration;
			buildSettings = {
				CODE_SIGN_STYLE = Automatic;
				DEVELOPMENT_TEAM = 25222AKG24;
				PRODUCT_NAME = "$(TARGET_NAME)";
			};
			name = Debug;
		};
		4E5525E42218793B009FCE71 /* Release */ = {
			isa = XCBuildConfiguration;
			buildSettings = {
				CODE_SIGN_STYLE = Automatic;
				DEVELOPMENT_TEAM = 25222AKG24;
				PRODUCT_NAME = "$(TARGET_NAME)";
			};
			name = Release;
		};
		4E5525F922187A29009FCE71 /* Debug */ = {
			isa = XCBuildConfiguration;
			buildSettings = {
				CODE_SIGN_STYLE = Automatic;
				DEVELOPMENT_TEAM = 25222AKG24;
				PRODUCT_NAME = "$(TARGET_NAME)";
			};
			name = Debug;
		};
		4E5525FA22187A29009FCE71 /* Release */ = {
			isa = XCBuildConfiguration;
			buildSettings = {
				CODE_SIGN_STYLE = Automatic;
				DEVELOPMENT_TEAM = 25222AKG24;
				PRODUCT_NAME = "$(TARGET_NAME)";
			};
			name = Release;
		};
		4E552605221883C0009FCE71 /* Debug */ = {
			isa = XCBuildConfiguration;
			buildSettings = {
				CODE_SIGN_STYLE = Automatic;
				DEVELOPMENT_TEAM = 25222AKG24;
				PRODUCT_NAME = "$(TARGET_NAME)";
			};
			name = Debug;
		};
		4E552606221883C0009FCE71 /* Release */ = {
			isa = XCBuildConfiguration;
			buildSettings = {
				CODE_SIGN_STYLE = Automatic;
				DEVELOPMENT_TEAM = 25222AKG24;
				PRODUCT_NAME = "$(TARGET_NAME)";
			};
			name = Release;
		};
		4E552610221BCB12009FCE71 /* Debug */ = {
			isa = XCBuildConfiguration;
			buildSettings = {
				CODE_SIGN_STYLE = Automatic;
				DEVELOPMENT_TEAM = 25222AKG24;
				PRODUCT_NAME = "$(TARGET_NAME)";
			};
			name = Debug;
		};
		4E552611221BCB12009FCE71 /* Release */ = {
			isa = XCBuildConfiguration;
			buildSettings = {
				CODE_SIGN_STYLE = Automatic;
				DEVELOPMENT_TEAM = 25222AKG24;
				PRODUCT_NAME = "$(TARGET_NAME)";
			};
			name = Release;
		};
		4E87285A2224995F00B37794 /* Debug */ = {
			isa = XCBuildConfiguration;
			buildSettings = {
				CLANG_ENABLE_OBJC_ARC = NO;
				CODE_SIGN_STYLE = Automatic;
				DEVELOPMENT_TEAM = 25222AKG24;
				PRODUCT_NAME = "$(TARGET_NAME)";
			};
			name = Debug;
		};
		4E87285B2224995F00B37794 /* Release */ = {
			isa = XCBuildConfiguration;
			buildSettings = {
				CLANG_ENABLE_OBJC_ARC = NO;
				CODE_SIGN_STYLE = Automatic;
				DEVELOPMENT_TEAM = 25222AKG24;
				PRODUCT_NAME = "$(TARGET_NAME)";
			};
			name = Release;
		};
		4E87286D2224B95800B37794 /* Debug */ = {
			isa = XCBuildConfiguration;
			buildSettings = {
				CODE_SIGN_STYLE = Automatic;
				DEVELOPMENT_TEAM = 25222AKG24;
				PRODUCT_NAME = "$(TARGET_NAME)";
			};
			name = Debug;
		};
		4E87286E2224B95800B37794 /* Release */ = {
			isa = XCBuildConfiguration;
			buildSettings = {
				CODE_SIGN_STYLE = Automatic;
				DEVELOPMENT_TEAM = 25222AKG24;
				PRODUCT_NAME = "$(TARGET_NAME)";
			};
			name = Release;
		};
		4EF16A1C221DDE7100ECC087 /* Debug */ = {
			isa = XCBuildConfiguration;
			buildSettings = {
				CODE_SIGN_STYLE = Automatic;
				DEVELOPMENT_TEAM = 25222AKG24;
				PRODUCT_NAME = "$(TARGET_NAME)";
			};
			name = Debug;
		};
		4EF16A1D221DDE7100ECC087 /* Release */ = {
			isa = XCBuildConfiguration;
			buildSettings = {
				CODE_SIGN_STYLE = Automatic;
				DEVELOPMENT_TEAM = 25222AKG24;
				PRODUCT_NAME = "$(TARGET_NAME)";
			};
			name = Release;
		};
		4EF16A2B221DE6AA00ECC087 /* Debug */ = {
			isa = XCBuildConfiguration;
			buildSettings = {
				CODE_SIGN_STYLE = Automatic;
				DEVELOPMENT_TEAM = 25222AKG24;
				PRODUCT_NAME = "$(TARGET_NAME)";
			};
			name = Debug;
		};
		4EF16A2C221DE6AA00ECC087 /* Release */ = {
			isa = XCBuildConfiguration;
			buildSettings = {
				CODE_SIGN_STYLE = Automatic;
				DEVELOPMENT_TEAM = 25222AKG24;
				PRODUCT_NAME = "$(TARGET_NAME)";
			};
			name = Release;
		};
		4EF16A38221E102900ECC087 /* Debug */ = {
			isa = XCBuildConfiguration;
			buildSettings = {
				CODE_SIGN_STYLE = Automatic;
				DEVELOPMENT_TEAM = 25222AKG24;
				PRODUCT_NAME = "$(TARGET_NAME)";
			};
			name = Debug;
		};
		4EF16A39221E102900ECC087 /* Release */ = {
			isa = XCBuildConfiguration;
			buildSettings = {
				CODE_SIGN_STYLE = Automatic;
				DEVELOPMENT_TEAM = 25222AKG24;
				PRODUCT_NAME = "$(TARGET_NAME)";
			};
			name = Release;
		};
		4EF16A4E221F6BEE00ECC087 /* Debug */ = {
			isa = XCBuildConfiguration;
			buildSettings = {
				CODE_SIGN_STYLE = Automatic;
				DEVELOPMENT_TEAM = 25222AKG24;
				PRODUCT_NAME = "$(TARGET_NAME)";
			};
			name = Debug;
		};
		4EF16A4F221F6BEE00ECC087 /* Release */ = {
			isa = XCBuildConfiguration;
			buildSettings = {
				CODE_SIGN_STYLE = Automatic;
				DEVELOPMENT_TEAM = 25222AKG24;
				PRODUCT_NAME = "$(TARGET_NAME)";
			};
			name = Release;
		};
/* End XCBuildConfiguration section */

/* Begin XCConfigurationList section */
		4E0CCE782227B53200F57724 /* Build configuration list for PBXNativeTarget "10.Blocks" */ = {
			isa = XCConfigurationList;
			buildConfigurations = (
				4E0CCE762227B53200F57724 /* Debug */,
				4E0CCE772227B53200F57724 /* Release */,
			);
			defaultConfigurationIsVisible = 0;
			defaultConfigurationName = Release;
		};
		4E5525D62218793B009FCE71 /* Build configuration list for PBXProject "ObjectiveC4D" */ = {
			isa = XCConfigurationList;
			buildConfigurations = (
				4E5525E02218793B009FCE71 /* Debug */,
				4E5525E12218793B009FCE71 /* Release */,
			);
			defaultConfigurationIsVisible = 0;
			defaultConfigurationName = Release;
		};
		4E5525E22218793B009FCE71 /* Build configuration list for PBXNativeTarget "ObjectiveC4D" */ = {
			isa = XCConfigurationList;
			buildConfigurations = (
				4E5525E32218793B009FCE71 /* Debug */,
				4E5525E42218793B009FCE71 /* Release */,
			);
			defaultConfigurationIsVisible = 0;
			defaultConfigurationName = Release;
		};
		4E5525F822187A29009FCE71 /* Build configuration list for PBXNativeTarget "1.DT-BOOL" */ = {
			isa = XCConfigurationList;
			buildConfigurations = (
				4E5525F922187A29009FCE71 /* Debug */,
				4E5525FA22187A29009FCE71 /* Release */,
			);
			defaultConfigurationIsVisible = 0;
			defaultConfigurationName = Release;
		};
		4E552604221883C0009FCE71 /* Build configuration list for PBXNativeTarget "2.DT-float" */ = {
			isa = XCConfigurationList;
			buildConfigurations = (
				4E552605221883C0009FCE71 /* Debug */,
				4E552606221883C0009FCE71 /* Release */,
			);
			defaultConfigurationIsVisible = 0;
			defaultConfigurationName = Release;
		};
		4E55260F221BCB12009FCE71 /* Build configuration list for PBXNativeTarget "3.DT-int" */ = {
			isa = XCConfigurationList;
			buildConfigurations = (
				4E552610221BCB12009FCE71 /* Debug */,
				4E552611221BCB12009FCE71 /* Release */,
			);
			defaultConfigurationIsVisible = 0;
			defaultConfigurationName = Release;
		};
		4E87285C2224995F00B37794 /* Build configuration list for PBXNativeTarget "8.MemoryManagement(Manual)" */ = {
			isa = XCConfigurationList;
			buildConfigurations = (
				4E87285A2224995F00B37794 /* Debug */,
				4E87285B2224995F00B37794 /* Release */,
			);
			defaultConfigurationIsVisible = 0;
			defaultConfigurationName = Release;
		};
		4E87286C2224B95800B37794 /* Build configuration list for PBXNativeTarget "9.ARC" */ = {
			isa = XCConfigurationList;
			buildConfigurations = (
				4E87286D2224B95800B37794 /* Debug */,
				4E87286E2224B95800B37794 /* Release */,
			);
			defaultConfigurationIsVisible = 0;
			defaultConfigurationName = Release;
		};
		4EF16A1E221DDE7100ECC087 /* Build configuration list for PBXNativeTarget "4. Enum&Bitmasks" */ = {
			isa = XCConfigurationList;
			buildConfigurations = (
				4EF16A1C221DDE7100ECC087 /* Debug */,
				4EF16A1D221DDE7100ECC087 /* Release */,
			);
			defaultConfigurationIsVisible = 0;
			defaultConfigurationName = Release;
		};
		4EF16A2A221DE6AA00ECC087 /* Build configuration list for PBXNativeTarget "5. Classes" */ = {
			isa = XCConfigurationList;
			buildConfigurations = (
				4EF16A2B221DE6AA00ECC087 /* Debug */,
				4EF16A2C221DE6AA00ECC087 /* Release */,
			);
			defaultConfigurationIsVisible = 0;
			defaultConfigurationName = Release;
		};
		4EF16A3A221E102900ECC087 /* Build configuration list for PBXNativeTarget "6. Protocols&DelegatePattern" */ = {
			isa = XCConfigurationList;
			buildConfigurations = (
				4EF16A38221E102900ECC087 /* Debug */,
				4EF16A39221E102900ECC087 /* Release */,
			);
			defaultConfigurationIsVisible = 0;
			defaultConfigurationName = Release;
		};
		4EF16A50221F6BEE00ECC087 /* Build configuration list for PBXNativeTarget "7. Categories" */ = {
			isa = XCConfigurationList;
			buildConfigurations = (
				4EF16A4E221F6BEE00ECC087 /* Debug */,
				4EF16A4F221F6BEE00ECC087 /* Release */,
			);
			defaultConfigurationIsVisible = 0;
			defaultConfigurationName = Release;
		};
/* End XCConfigurationList section */
	};
	rootObject = 4E5525D32218793B009FCE71 /* Project object */;
}
